
Microsoft Visual Studio Solution File, Format Version 12.00
# Visual Studio Version 17
VisualStudioVersion = 17.13.35818.85 d17.13
MinimumVisualStudioVersion = 10.0.40219.1
Project("{FAE04EC0-301F-11D3-BF4B-00C04F79EFBC}") = "ProgettoSettimanale1_U2", "ProgettoSettimanale1_U2\ProgettoSettimanale1_U2.csproj", "{6F37529E-1670-4BAD-A20B-3ED97144CF32}"
EndProject
Global
	GlobalSection(SolutionConfigurationPlatforms) = preSolution
		Debug|Any CPU = Debug|Any CPU
		Release|Any CPU = Release|Any CPU
	EndGlobalSection
	GlobalSection(ProjectConfigurationPlatforms) = postSolution
		{6F37529E-1670-4BAD-A20B-3ED97144CF32}.Debug|Any CPU.ActiveCfg = Debug|Any CPU
		{6F37529E-1670-4BAD-A20B-3ED97144CF32}.Debug|Any CPU.Build.0 = Debug|Any CPU
		{6F37529E-1670-4BAD-A20B-3ED97144CF32}.Release|Any CPU.ActiveCfg = Release|Any CPU
		{6F37529E-1670-4BAD-A20B-3ED97144CF32}.Release|Any CPU.Build.0 = Release|Any CPU
	EndGlobalSection
	GlobalSection(SolutionProperties) = preSolution
		HideSolutionNode = FALSE
	EndGlobalSection
	GlobalSection(ExtensibilityGlobals) = postSolution
		SolutionGuid = {61673624-D895-4273-9D7E-9C428A697344}
	EndGlobalSection
EndGlobal
